// !$*UTF8*$!
{
	archiveVersion = 1;
	classes = {
	};
	objectVersion = 50;
	objects = {

/* Begin PBXBuildFile section */
		8435BDA4247909A00038BFC8 /* URLImageModel.swift in Sources */ = {isa = PBXBuildFile; fileRef = 8435BDA3247909A00038BFC8 /* URLImageModel.swift */; };
		8435BDA92479126B0038BFC8 /* ImageCache.swift in Sources */ = {isa = PBXBuildFile; fileRef = 8435BDA82479126B0038BFC8 /* ImageCache.swift */; };
		8435BDAC24791C080038BFC8 /* URLRequest.swift in Sources */ = {isa = PBXBuildFile; fileRef = 8435BDAB24791C080038BFC8 /* URLRequest.swift */; };
		8451CBC1247853CF008DAA89 /* CoasterList.swift in Sources */ = {isa = PBXBuildFile; fileRef = 8451CBC0247853CF008DAA89 /* CoasterList.swift */; };
		8451CBC82479085C008DAA89 /* URLImageView.swift in Sources */ = {isa = PBXBuildFile; fileRef = 8451CBC72479085C008DAA89 /* URLImageView.swift */; };
		84812A3024801B8A00B46001 /* ParkServices.swift in Sources */ = {isa = PBXBuildFile; fileRef = 84812A2F24801B8A00B46001 /* ParkServices.swift */; };
		84812A3324801D0D00B46001 /* Park.swift in Sources */ = {isa = PBXBuildFile; fileRef = 84812A3224801D0D00B46001 /* Park.swift */; };
		84812A3524803CAA00B46001 /* MapView.swift in Sources */ = {isa = PBXBuildFile; fileRef = 84812A3424803CAA00B46001 /* MapView.swift */; };
		84812A3A2480433900B46001 /* ParkCountry.swift in Sources */ = {isa = PBXBuildFile; fileRef = 84812A392480433900B46001 /* ParkCountry.swift */; };
		848D3EA0247C2DA800709A77 /* Routes.swift in Sources */ = {isa = PBXBuildFile; fileRef = 848D3E9F247C2DA800709A77 /* Routes.swift */; };
		848D3EA2247C2E6A00709A77 /* HTTPMethod.swift in Sources */ = {isa = PBXBuildFile; fileRef = 848D3EA1247C2E6A00709A77 /* HTTPMethod.swift */; };
		848D3EA4247C2EBA00709A77 /* HTTPNetworkError.swift in Sources */ = {isa = PBXBuildFile; fileRef = 848D3EA3247C2EBA00709A77 /* HTTPNetworkError.swift */; };
		848D3EA6247C2F4500709A77 /* NetworkRequest.swift in Sources */ = {isa = PBXBuildFile; fileRef = 848D3EA5247C2F4500709A77 /* NetworkRequest.swift */; };
		848D3EA8247C340800709A77 /* NetworkResponse.swift in Sources */ = {isa = PBXBuildFile; fileRef = 848D3EA7247C340800709A77 /* NetworkResponse.swift */; };
		848D3EAA247C371B00709A77 /* URLEncoder.swift in Sources */ = {isa = PBXBuildFile; fileRef = 848D3EA9247C371B00709A77 /* URLEncoder.swift */; };
		848D3EAC247C39F900709A77 /* CoasterServices.swift in Sources */ = {isa = PBXBuildFile; fileRef = 848D3EAB247C39F900709A77 /* CoasterServices.swift */; };
		848D3EAE247C3D9000709A77 /* Result.swift in Sources */ = {isa = PBXBuildFile; fileRef = 848D3EAD247C3D9000709A77 /* Result.swift */; };
		848D3EB0247C449F00709A77 /* Headers.swift in Sources */ = {isa = PBXBuildFile; fileRef = 848D3EAF247C449F00709A77 /* Headers.swift */; };
		849BB2B02475BD6000C9BF1D /* Color.xcassets in Resources */ = {isa = PBXBuildFile; fileRef = 849BB2AF2475BD6000C9BF1D /* Color.xcassets */; };
		849BB2B42475C19000C9BF1D /* AppView.swift in Sources */ = {isa = PBXBuildFile; fileRef = 849BB2B32475C19000C9BF1D /* AppView.swift */; };
		849BB2B62476B93800C9BF1D /* TripHomeViewCell.swift in Sources */ = {isa = PBXBuildFile; fileRef = 849BB2B52476B93800C9BF1D /* TripHomeViewCell.swift */; };
		849BB2E72478022500C9BF1D /* Coasters.swift in Sources */ = {isa = PBXBuildFile; fileRef = 849BB2E62478022400C9BF1D /* Coasters.swift */; };
		849BB2E92478025C00C9BF1D /* Coaster.swift in Sources */ = {isa = PBXBuildFile; fileRef = 849BB2E82478025C00C9BF1D /* Coaster.swift */; };
		849BB2EC247807EC00C9BF1D /* Material.swift in Sources */ = {isa = PBXBuildFile; fileRef = 849BB2EB247807EC00C9BF1D /* Material.swift */; };
		849BB2EE247807FB00C9BF1D /* Seating.swift in Sources */ = {isa = PBXBuildFile; fileRef = 849BB2ED247807FB00C9BF1D /* Seating.swift */; };
		849BB2F02478080E00C9BF1D /* Manufacturer.swift in Sources */ = {isa = PBXBuildFile; fileRef = 849BB2EF2478080E00C9BF1D /* Manufacturer.swift */; };
		849BB2F22478081E00C9BF1D /* CoasterPark.swift in Sources */ = {isa = PBXBuildFile; fileRef = 849BB2F12478081E00C9BF1D /* CoasterPark.swift */; };
		849BB2F42478083300C9BF1D /* Status.swift in Sources */ = {isa = PBXBuildFile; fileRef = 849BB2F32478083300C9BF1D /* Status.swift */; };
		849BB2F62478084400C9BF1D /* Image.swift in Sources */ = {isa = PBXBuildFile; fileRef = 849BB2F52478084400C9BF1D /* Image.swift */; };
		84A4FB1F247966850015C7BC /* SearchBar.swift in Sources */ = {isa = PBXBuildFile; fileRef = 84A4FB1E247966850015C7BC /* SearchBar.swift */; };
		84A4FB21247A68B90015C7BC /* CoasterDetail.swift in Sources */ = {isa = PBXBuildFile; fileRef = 84A4FB20247A68B90015C7BC /* CoasterDetail.swift */; };
		84BF57402484302F00990810 /* CoasterDetailImageHeader.swift in Sources */ = {isa = PBXBuildFile; fileRef = 84BF573F2484302F00990810 /* CoasterDetailImageHeader.swift */; };
		84BF57422484309F00990810 /* CoasterDetailStats.swift in Sources */ = {isa = PBXBuildFile; fileRef = 84BF57412484309F00990810 /* CoasterDetailStats.swift */; };
		84C60C9A247841730042BBBB /* CoasterCell.swift in Sources */ = {isa = PBXBuildFile; fileRef = 849BB2F924783D5B00C9BF1D /* CoasterCell.swift */; };
		84C60C9D247849F40042BBBB /* Unwrap.swift in Sources */ = {isa = PBXBuildFile; fileRef = 84C60C9C247849F40042BBBB /* Unwrap.swift */; };
		84C8246F247052DE000D620C /* AppDelegate.swift in Sources */ = {isa = PBXBuildFile; fileRef = 84C8246E247052DE000D620C /* AppDelegate.swift */; };
		84C82471247052DE000D620C /* SceneDelegate.swift in Sources */ = {isa = PBXBuildFile; fileRef = 84C82470247052DE000D620C /* SceneDelegate.swift */; };
		84C82473247052DE000D620C /* ContentView.swift in Sources */ = {isa = PBXBuildFile; fileRef = 84C82472247052DE000D620C /* ContentView.swift */; };
		84C82475247052DF000D620C /* Assets.xcassets in Resources */ = {isa = PBXBuildFile; fileRef = 84C82474247052DF000D620C /* Assets.xcassets */; };
		84C82478247052DF000D620C /* Preview Assets.xcassets in Resources */ = {isa = PBXBuildFile; fileRef = 84C82477247052DF000D620C /* Preview Assets.xcassets */; };
		84C8247B247052DF000D620C /* LaunchScreen.storyboard in Resources */ = {isa = PBXBuildFile; fileRef = 84C82479247052DF000D620C /* LaunchScreen.storyboard */; };
		84C82486247052DF000D620C /* Coaster_TripsTests.swift in Sources */ = {isa = PBXBuildFile; fileRef = 84C82485247052DF000D620C /* Coaster_TripsTests.swift */; };
		84FD82A2248406F400D8C440 /* CoasterDetailStat.swift in Sources */ = {isa = PBXBuildFile; fileRef = 84FD82A1248406F400D8C440 /* CoasterDetailStat.swift */; };
		84FD82A5248411E000D8C440 /* CoasterStatsMeasurement.swift in Sources */ = {isa = PBXBuildFile; fileRef = 84FD82A4248411E000D8C440 /* CoasterStatsMeasurement.swift */; };
/* End PBXBuildFile section */

/* Begin PBXContainerItemProxy section */
		84C82482247052DF000D620C /* PBXContainerItemProxy */ = {
			isa = PBXContainerItemProxy;
			containerPortal = 84C82463247052DE000D620C /* Project object */;
			proxyType = 1;
			remoteGlobalIDString = 84C8246A247052DE000D620C;
			remoteInfo = "Coaster Trips";
		};
/* End PBXContainerItemProxy section */

/* Begin PBXCopyFilesBuildPhase section */
		84C824B8247052E0000D620C /* Embed Watch Content */ = {
			isa = PBXCopyFilesBuildPhase;
			buildActionMask = 2147483647;
			dstPath = "$(CONTENTS_FOLDER_PATH)/Watch";
			dstSubfolderSpec = 16;
			files = (
			);
			name = "Embed Watch Content";
			runOnlyForDeploymentPostprocessing = 0;
		};
/* End PBXCopyFilesBuildPhase section */

/* Begin PBXFileReference section */
		8435BDA3247909A00038BFC8 /* URLImageModel.swift */ = {isa = PBXFileReference; lastKnownFileType = sourcecode.swift; path = URLImageModel.swift; sourceTree = "<group>"; };
		8435BDA82479126B0038BFC8 /* ImageCache.swift */ = {isa = PBXFileReference; lastKnownFileType = sourcecode.swift; path = ImageCache.swift; sourceTree = "<group>"; };
		8435BDAB24791C080038BFC8 /* URLRequest.swift */ = {isa = PBXFileReference; lastKnownFileType = sourcecode.swift; path = URLRequest.swift; sourceTree = "<group>"; };
		8451CBC0247853CF008DAA89 /* CoasterList.swift */ = {isa = PBXFileReference; lastKnownFileType = sourcecode.swift; path = CoasterList.swift; sourceTree = "<group>"; };
		8451CBC72479085C008DAA89 /* URLImageView.swift */ = {isa = PBXFileReference; lastKnownFileType = sourcecode.swift; path = URLImageView.swift; sourceTree = "<group>"; };
		84812A2F24801B8A00B46001 /* ParkServices.swift */ = {isa = PBXFileReference; lastKnownFileType = sourcecode.swift; path = ParkServices.swift; sourceTree = "<group>"; };
		84812A3224801D0D00B46001 /* Park.swift */ = {isa = PBXFileReference; lastKnownFileType = sourcecode.swift; path = Park.swift; sourceTree = "<group>"; };
		84812A3424803CAA00B46001 /* MapView.swift */ = {isa = PBXFileReference; lastKnownFileType = sourcecode.swift; path = MapView.swift; sourceTree = "<group>"; };
		84812A392480433900B46001 /* ParkCountry.swift */ = {isa = PBXFileReference; lastKnownFileType = sourcecode.swift; path = ParkCountry.swift; sourceTree = "<group>"; };
		848D3E9F247C2DA800709A77 /* Routes.swift */ = {isa = PBXFileReference; lastKnownFileType = sourcecode.swift; path = Routes.swift; sourceTree = "<group>"; };
		848D3EA1247C2E6A00709A77 /* HTTPMethod.swift */ = {isa = PBXFileReference; lastKnownFileType = sourcecode.swift; path = HTTPMethod.swift; sourceTree = "<group>"; };
		848D3EA3247C2EBA00709A77 /* HTTPNetworkError.swift */ = {isa = PBXFileReference; lastKnownFileType = sourcecode.swift; path = HTTPNetworkError.swift; sourceTree = "<group>"; };
		848D3EA5247C2F4500709A77 /* NetworkRequest.swift */ = {isa = PBXFileReference; lastKnownFileType = sourcecode.swift; path = NetworkRequest.swift; sourceTree = "<group>"; };
		848D3EA7247C340800709A77 /* NetworkResponse.swift */ = {isa = PBXFileReference; lastKnownFileType = sourcecode.swift; path = NetworkResponse.swift; sourceTree = "<group>"; };
		848D3EA9247C371B00709A77 /* URLEncoder.swift */ = {isa = PBXFileReference; lastKnownFileType = sourcecode.swift; path = URLEncoder.swift; sourceTree = "<group>"; };
		848D3EAB247C39F900709A77 /* CoasterServices.swift */ = {isa = PBXFileReference; lastKnownFileType = sourcecode.swift; path = CoasterServices.swift; sourceTree = SOURCE_ROOT; };
		848D3EAD247C3D9000709A77 /* Result.swift */ = {isa = PBXFileReference; lastKnownFileType = sourcecode.swift; path = Result.swift; sourceTree = "<group>"; };
		848D3EAF247C449F00709A77 /* Headers.swift */ = {isa = PBXFileReference; lastKnownFileType = sourcecode.swift; path = Headers.swift; sourceTree = "<group>"; };
		849BB2AF2475BD6000C9BF1D /* Color.xcassets */ = {isa = PBXFileReference; lastKnownFileType = folder.assetcatalog; path = Color.xcassets; sourceTree = "<group>"; };
		849BB2B32475C19000C9BF1D /* AppView.swift */ = {isa = PBXFileReference; lastKnownFileType = sourcecode.swift; path = AppView.swift; sourceTree = "<group>"; };
		849BB2B52476B93800C9BF1D /* TripHomeViewCell.swift */ = {isa = PBXFileReference; lastKnownFileType = sourcecode.swift; path = TripHomeViewCell.swift; sourceTree = "<group>"; };
		849BB2E62478022400C9BF1D /* Coasters.swift */ = {isa = PBXFileReference; lastKnownFileType = sourcecode.swift; path = Coasters.swift; sourceTree = "<group>"; };
		849BB2E82478025C00C9BF1D /* Coaster.swift */ = {isa = PBXFileReference; lastKnownFileType = sourcecode.swift; path = Coaster.swift; sourceTree = "<group>"; };
		849BB2EB247807EC00C9BF1D /* Material.swift */ = {isa = PBXFileReference; lastKnownFileType = sourcecode.swift; path = Material.swift; sourceTree = "<group>"; };
		849BB2ED247807FB00C9BF1D /* Seating.swift */ = {isa = PBXFileReference; lastKnownFileType = sourcecode.swift; path = Seating.swift; sourceTree = "<group>"; };
		849BB2EF2478080E00C9BF1D /* Manufacturer.swift */ = {isa = PBXFileReference; lastKnownFileType = sourcecode.swift; path = Manufacturer.swift; sourceTree = "<group>"; };
		849BB2F12478081E00C9BF1D /* CoasterPark.swift */ = {isa = PBXFileReference; lastKnownFileType = sourcecode.swift; path = CoasterPark.swift; sourceTree = "<group>"; };
		849BB2F32478083300C9BF1D /* Status.swift */ = {isa = PBXFileReference; lastKnownFileType = sourcecode.swift; path = Status.swift; sourceTree = "<group>"; };
		849BB2F52478084400C9BF1D /* Image.swift */ = {isa = PBXFileReference; lastKnownFileType = sourcecode.swift; path = Image.swift; sourceTree = "<group>"; };
		849BB2F924783D5B00C9BF1D /* CoasterCell.swift */ = {isa = PBXFileReference; lastKnownFileType = sourcecode.swift; path = CoasterCell.swift; sourceTree = "<group>"; };
		84A4FB1E247966850015C7BC /* SearchBar.swift */ = {isa = PBXFileReference; lastKnownFileType = sourcecode.swift; path = SearchBar.swift; sourceTree = "<group>"; };
		84A4FB20247A68B90015C7BC /* CoasterDetail.swift */ = {isa = PBXFileReference; lastKnownFileType = sourcecode.swift; path = CoasterDetail.swift; sourceTree = SOURCE_ROOT; };
		84BF573F2484302F00990810 /* CoasterDetailImageHeader.swift */ = {isa = PBXFileReference; lastKnownFileType = sourcecode.swift; path = CoasterDetailImageHeader.swift; sourceTree = "<group>"; };
		84BF57412484309F00990810 /* CoasterDetailStats.swift */ = {isa = PBXFileReference; lastKnownFileType = sourcecode.swift; path = CoasterDetailStats.swift; sourceTree = "<group>"; };
		84C60C9C247849F40042BBBB /* Unwrap.swift */ = {isa = PBXFileReference; lastKnownFileType = sourcecode.swift; path = Unwrap.swift; sourceTree = "<group>"; };
		84C8246B247052DE000D620C /* Coaster Trips.app */ = {isa = PBXFileReference; explicitFileType = wrapper.application; includeInIndex = 0; path = "Coaster Trips.app"; sourceTree = BUILT_PRODUCTS_DIR; };
		84C8246E247052DE000D620C /* AppDelegate.swift */ = {isa = PBXFileReference; lastKnownFileType = sourcecode.swift; path = AppDelegate.swift; sourceTree = "<group>"; };
		84C82470247052DE000D620C /* SceneDelegate.swift */ = {isa = PBXFileReference; lastKnownFileType = sourcecode.swift; path = SceneDelegate.swift; sourceTree = "<group>"; };
		84C82472247052DE000D620C /* ContentView.swift */ = {isa = PBXFileReference; lastKnownFileType = sourcecode.swift; path = ContentView.swift; sourceTree = "<group>"; };
		84C82474247052DF000D620C /* Assets.xcassets */ = {isa = PBXFileReference; lastKnownFileType = folder.assetcatalog; path = Assets.xcassets; sourceTree = "<group>"; };
		84C82477247052DF000D620C /* Preview Assets.xcassets */ = {isa = PBXFileReference; lastKnownFileType = folder.assetcatalog; path = "Preview Assets.xcassets"; sourceTree = "<group>"; };
		84C8247A247052DF000D620C /* Base */ = {isa = PBXFileReference; lastKnownFileType = file.storyboard; name = Base; path = Base.lproj/LaunchScreen.storyboard; sourceTree = "<group>"; };
		84C8247C247052DF000D620C /* Info.plist */ = {isa = PBXFileReference; lastKnownFileType = text.plist.xml; path = Info.plist; sourceTree = "<group>"; };
		84C82481247052DF000D620C /* Coaster TripsTests.xctest */ = {isa = PBXFileReference; explicitFileType = wrapper.cfbundle; includeInIndex = 0; path = "Coaster TripsTests.xctest"; sourceTree = BUILT_PRODUCTS_DIR; };
		84C82485247052DF000D620C /* Coaster_TripsTests.swift */ = {isa = PBXFileReference; lastKnownFileType = sourcecode.swift; path = Coaster_TripsTests.swift; sourceTree = "<group>"; };
		84C82487247052DF000D620C /* Info.plist */ = {isa = PBXFileReference; lastKnownFileType = text.plist.xml; path = Info.plist; sourceTree = "<group>"; };
		84FD82A1248406F400D8C440 /* CoasterDetailStat.swift */ = {isa = PBXFileReference; lastKnownFileType = sourcecode.swift; path = CoasterDetailStat.swift; sourceTree = "<group>"; };
		84FD82A4248411E000D8C440 /* CoasterStatsMeasurement.swift */ = {isa = PBXFileReference; lastKnownFileType = sourcecode.swift; path = CoasterStatsMeasurement.swift; sourceTree = "<group>"; };
/* End PBXFileReference section */

/* Begin PBXFrameworksBuildPhase section */
		84C82468247052DE000D620C /* Frameworks */ = {
			isa = PBXFrameworksBuildPhase;
			buildActionMask = 2147483647;
			files = (
			);
			runOnlyForDeploymentPostprocessing = 0;
		};
		84C8247E247052DF000D620C /* Frameworks */ = {
			isa = PBXFrameworksBuildPhase;
			buildActionMask = 2147483647;
			files = (
			);
			runOnlyForDeploymentPostprocessing = 0;
		};
/* End PBXFrameworksBuildPhase section */

/* Begin PBXGroup section */
		8435BDA72479125A0038BFC8 /* Cache */ = {
			isa = PBXGroup;
			children = (
				8435BDA82479126B0038BFC8 /* ImageCache.swift */,
			);
			path = Cache;
			sourceTree = "<group>";
		};
		8435BDAA24791BF20038BFC8 /* Networking */ = {
			isa = PBXGroup;
			children = (
				8435BDA72479125A0038BFC8 /* Cache */,
				8435BDAB24791C080038BFC8 /* URLRequest.swift */,
				848D3E9E247C2D7B00709A77 /* Service */,
				848D3E9D247C2D7200709A77 /* Encoding */,
				848D3E9C247C2D6C00709A77 /* HTTP */,
			);
			path = Networking;
			sourceTree = "<group>";
		};
		8451CBC224785455008DAA89 /* Lists */ = {
			isa = PBXGroup;
			children = (
				8451CBC0247853CF008DAA89 /* CoasterList.swift */,
			);
			path = Lists;
			sourceTree = "<group>";
		};
		8451CBC924790875008DAA89 /* Views */ = {
			isa = PBXGroup;
			children = (
				84BF573F2484302F00990810 /* CoasterDetailImageHeader.swift */,
				84BF57412484309F00990810 /* CoasterDetailStats.swift */,
				84812A3624803E9B00B46001 /* Wrappers */,
				849BB2FE24783EAD00C9BF1D /* Cells */,
				8451CBC224785455008DAA89 /* Lists */,
				84A4FB20247A68B90015C7BC /* CoasterDetail.swift */,
				84FD82A1248406F400D8C440 /* CoasterDetailStat.swift */,
			);
			path = Views;
			sourceTree = "<group>";
		};
		84812A3124801CFF00B46001 /* ParkModel */ = {
			isa = PBXGroup;
			children = (
				84812A3224801D0D00B46001 /* Park.swift */,
			);
			path = ParkModel;
			sourceTree = "<group>";
		};
		84812A3624803E9B00B46001 /* Wrappers */ = {
			isa = PBXGroup;
			children = (
				84812A3424803CAA00B46001 /* MapView.swift */,
				84A4FB1E247966850015C7BC /* SearchBar.swift */,
				8451CBC72479085C008DAA89 /* URLImageView.swift */,
			);
			path = Wrappers;
			sourceTree = "<group>";
		};
		848D3E9C247C2D6C00709A77 /* HTTP */ = {
			isa = PBXGroup;
			children = (
				848D3E9F247C2DA800709A77 /* Routes.swift */,
				848D3EAF247C449F00709A77 /* Headers.swift */,
				848D3EA1247C2E6A00709A77 /* HTTPMethod.swift */,
				848D3EA3247C2EBA00709A77 /* HTTPNetworkError.swift */,
				848D3EA5247C2F4500709A77 /* NetworkRequest.swift */,
				848D3EA7247C340800709A77 /* NetworkResponse.swift */,
			);
			path = HTTP;
			sourceTree = "<group>";
		};
		848D3E9D247C2D7200709A77 /* Encoding */ = {
			isa = PBXGroup;
			children = (
				848D3EA9247C371B00709A77 /* URLEncoder.swift */,
			);
			path = Encoding;
			sourceTree = "<group>";
		};
		848D3E9E247C2D7B00709A77 /* Service */ = {
			isa = PBXGroup;
			children = (
				848D3EAB247C39F900709A77 /* CoasterServices.swift */,
				84812A2F24801B8A00B46001 /* ParkServices.swift */,
				848D3EAD247C3D9000709A77 /* Result.swift */,
			);
			path = Service;
			sourceTree = "<group>";
		};
		849BB2E5247801ED00C9BF1D /* Model */ = {
			isa = PBXGroup;
			children = (
				84812A3124801CFF00B46001 /* ParkModel */,
				8435BDA3247909A00038BFC8 /* URLImageModel.swift */,
				849BB2EA247807D600C9BF1D /* CoastersModels */,
			);
			path = Model;
			sourceTree = "<group>";
		};
		849BB2EA247807D600C9BF1D /* CoastersModels */ = {
			isa = PBXGroup;
			children = (
				849BB2E62478022400C9BF1D /* Coasters.swift */,
				849BB2E82478025C00C9BF1D /* Coaster.swift */,
				84812A392480433900B46001 /* ParkCountry.swift */,
				849BB2F52478084400C9BF1D /* Image.swift */,
				849BB2F32478083300C9BF1D /* Status.swift */,
				849BB2F12478081E00C9BF1D /* CoasterPark.swift */,
				849BB2EF2478080E00C9BF1D /* Manufacturer.swift */,
				849BB2ED247807FB00C9BF1D /* Seating.swift */,
				849BB2EB247807EC00C9BF1D /* Material.swift */,
			);
			path = CoastersModels;
			sourceTree = "<group>";
		};
		849BB2FE24783EAD00C9BF1D /* Cells */ = {
			isa = PBXGroup;
			children = (
				849BB2B52476B93800C9BF1D /* TripHomeViewCell.swift */,
				849BB2F924783D5B00C9BF1D /* CoasterCell.swift */,
			);
			path = Cells;
			sourceTree = "<group>";
		};
		84C60C9B247849E80042BBBB /* Helpers */ = {
			isa = PBXGroup;
			children = (
				84C60C9C247849F40042BBBB /* Unwrap.swift */,
			);
			path = Helpers;
			sourceTree = "<group>";
		};
		84C82462247052DE000D620C = {
			isa = PBXGroup;
			children = (
				84C8246D247052DE000D620C /* Coaster Trips */,
				84C82484247052DF000D620C /* Coaster TripsTests */,
				84C8246C247052DE000D620C /* Products */,
			);
			sourceTree = "<group>";
		};
		84C8246C247052DE000D620C /* Products */ = {
			isa = PBXGroup;
			children = (
				84C8246B247052DE000D620C /* Coaster Trips.app */,
				84C82481247052DF000D620C /* Coaster TripsTests.xctest */,
			);
			name = Products;
			sourceTree = "<group>";
		};
		84C8246D247052DE000D620C /* Coaster Trips */ = {
			isa = PBXGroup;
			children = (
				849BB2B32475C19000C9BF1D /* AppView.swift */,
				84C8246E247052DE000D620C /* AppDelegate.swift */,
				84C82470247052DE000D620C /* SceneDelegate.swift */,
				84C82472247052DE000D620C /* ContentView.swift */,
				84FD82A3248411AB00D8C440 /* Enums */,
				84C60C9B247849E80042BBBB /* Helpers */,
				8451CBC924790875008DAA89 /* Views */,
				8435BDAA24791BF20038BFC8 /* Networking */,
				849BB2E5247801ED00C9BF1D /* Model */,
				84C82474247052DF000D620C /* Assets.xcassets */,
				849BB2AF2475BD6000C9BF1D /* Color.xcassets */,
				84C82479247052DF000D620C /* LaunchScreen.storyboard */,
				84C8247C247052DF000D620C /* Info.plist */,
				84C82476247052DF000D620C /* Preview Content */,
			);
			path = "Coaster Trips";
			sourceTree = "<group>";
		};
		84C82476247052DF000D620C /* Preview Content */ = {
			isa = PBXGroup;
			children = (
				84C82477247052DF000D620C /* Preview Assets.xcassets */,
			);
			path = "Preview Content";
			sourceTree = "<group>";
		};
		84C82484247052DF000D620C /* Coaster TripsTests */ = {
			isa = PBXGroup;
			children = (
				84C82485247052DF000D620C /* Coaster_TripsTests.swift */,
				84C82487247052DF000D620C /* Info.plist */,
			);
			path = "Coaster TripsTests";
			sourceTree = "<group>";
		};
		84FD82A3248411AB00D8C440 /* Enums */ = {
			isa = PBXGroup;
			children = (
				84FD82A4248411E000D8C440 /* CoasterStatsMeasurement.swift */,
			);
			path = Enums;
			sourceTree = "<group>";
		};
/* End PBXGroup section */

/* Begin PBXNativeTarget section */
		84C8246A247052DE000D620C /* Coaster Trips */ = {
			isa = PBXNativeTarget;
			buildConfigurationList = 84C824B9247052E0000D620C /* Build configuration list for PBXNativeTarget "Coaster Trips" */;
			buildPhases = (
				84C82467247052DE000D620C /* Sources */,
				84C82468247052DE000D620C /* Frameworks */,
				84C82469247052DE000D620C /* Resources */,
				84C824B8247052E0000D620C /* Embed Watch Content */,
			);
			buildRules = (
			);
			dependencies = (
			);
			name = "Coaster Trips";
			productName = "Coaster Trips";
			productReference = 84C8246B247052DE000D620C /* Coaster Trips.app */;
			productType = "com.apple.product-type.application";
		};
		84C82480247052DF000D620C /* Coaster TripsTests */ = {
			isa = PBXNativeTarget;
			buildConfigurationList = 84C824BC247052E0000D620C /* Build configuration list for PBXNativeTarget "Coaster TripsTests" */;
			buildPhases = (
				84C8247D247052DF000D620C /* Sources */,
				84C8247E247052DF000D620C /* Frameworks */,
				84C8247F247052DF000D620C /* Resources */,
			);
			buildRules = (
			);
			dependencies = (
				84C82483247052DF000D620C /* PBXTargetDependency */,
			);
			name = "Coaster TripsTests";
			productName = "Coaster TripsTests";
			productReference = 84C82481247052DF000D620C /* Coaster TripsTests.xctest */;
			productType = "com.apple.product-type.bundle.unit-test";
		};
/* End PBXNativeTarget section */

/* Begin PBXProject section */
		84C82463247052DE000D620C /* Project object */ = {
			isa = PBXProject;
			attributes = {
				LastSwiftUpdateCheck = 1130;
				LastUpgradeCheck = 1130;
				ORGANIZATIONNAME = "Brent Le Comte";
				TargetAttributes = {
					84C8246A247052DE000D620C = {
						CreatedOnToolsVersion = 11.3;
					};
					84C82480247052DF000D620C = {
						CreatedOnToolsVersion = 11.3;
						TestTargetID = 84C8246A247052DE000D620C;
					};
				};
			};
			buildConfigurationList = 84C82466247052DE000D620C /* Build configuration list for PBXProject "Coaster Trips" */;
			compatibilityVersion = "Xcode 9.3";
			developmentRegion = en;
			hasScannedForEncodings = 0;
			knownRegions = (
				en,
				Base,
			);
			mainGroup = 84C82462247052DE000D620C;
			productRefGroup = 84C8246C247052DE000D620C /* Products */;
			projectDirPath = "";
			projectRoot = "";
			targets = (
				84C8246A247052DE000D620C /* Coaster Trips */,
				84C82480247052DF000D620C /* Coaster TripsTests */,
			);
		};
/* End PBXProject section */

/* Begin PBXResourcesBuildPhase section */
		84C82469247052DE000D620C /* Resources */ = {
			isa = PBXResourcesBuildPhase;
			buildActionMask = 2147483647;
			files = (
				84C8247B247052DF000D620C /* LaunchScreen.storyboard in Resources */,
				849BB2B02475BD6000C9BF1D /* Color.xcassets in Resources */,
				84C82478247052DF000D620C /* Preview Assets.xcassets in Resources */,
				84C82475247052DF000D620C /* Assets.xcassets in Resources */,
			);
			runOnlyForDeploymentPostprocessing = 0;
		};
		84C8247F247052DF000D620C /* Resources */ = {
			isa = PBXResourcesBuildPhase;
			buildActionMask = 2147483647;
			files = (
			);
			runOnlyForDeploymentPostprocessing = 0;
		};
/* End PBXResourcesBuildPhase section */

/* Begin PBXSourcesBuildPhase section */
		84C82467247052DE000D620C /* Sources */ = {
			isa = PBXSourcesBuildPhase;
			buildActionMask = 2147483647;
			files = (
				848D3EA6247C2F4500709A77 /* NetworkRequest.swift in Sources */,
				84A4FB21247A68B90015C7BC /* CoasterDetail.swift in Sources */,
				848D3EB0247C449F00709A77 /* Headers.swift in Sources */,
				84C60C9D247849F40042BBBB /* Unwrap.swift in Sources */,
				8435BDA4247909A00038BFC8 /* URLImageModel.swift in Sources */,
				849BB2EC247807EC00C9BF1D /* Material.swift in Sources */,
				849BB2B42475C19000C9BF1D /* AppView.swift in Sources */,
				84812A3324801D0D00B46001 /* Park.swift in Sources */,
				848D3EAE247C3D9000709A77 /* Result.swift in Sources */,
				84BF57422484309F00990810 /* CoasterDetailStats.swift in Sources */,
				84812A3524803CAA00B46001 /* MapView.swift in Sources */,
				849BB2F22478081E00C9BF1D /* CoasterPark.swift in Sources */,
				848D3EAC247C39F900709A77 /* CoasterServices.swift in Sources */,
				849BB2E72478022500C9BF1D /* Coasters.swift in Sources */,
				84FD82A5248411E000D8C440 /* CoasterStatsMeasurement.swift in Sources */,
				84C8246F247052DE000D620C /* AppDelegate.swift in Sources */,
				849BB2EE247807FB00C9BF1D /* Seating.swift in Sources */,
				848D3EAA247C371B00709A77 /* URLEncoder.swift in Sources */,
				84BF57402484302F00990810 /* CoasterDetailImageHeader.swift in Sources */,
				849BB2F62478084400C9BF1D /* Image.swift in Sources */,
				8435BDA92479126B0038BFC8 /* ImageCache.swift in Sources */,
				8451CBC82479085C008DAA89 /* URLImageView.swift in Sources */,
				84C60C9A247841730042BBBB /* CoasterCell.swift in Sources */,
				8451CBC1247853CF008DAA89 /* CoasterList.swift in Sources */,
				849BB2E92478025C00C9BF1D /* Coaster.swift in Sources */,
				848D3EA4247C2EBA00709A77 /* HTTPNetworkError.swift in Sources */,
				84A4FB1F247966850015C7BC /* SearchBar.swift in Sources */,
				849BB2F02478080E00C9BF1D /* Manufacturer.swift in Sources */,
				84C82471247052DE000D620C /* SceneDelegate.swift in Sources */,
				849BB2B62476B93800C9BF1D /* TripHomeViewCell.swift in Sources */,
				84C82473247052DE000D620C /* ContentView.swift in Sources */,
				848D3EA2247C2E6A00709A77 /* HTTPMethod.swift in Sources */,
				848D3EA8247C340800709A77 /* NetworkResponse.swift in Sources */,
				84812A3A2480433900B46001 /* ParkCountry.swift in Sources */,
				849BB2F42478083300C9BF1D /* Status.swift in Sources */,
				848D3EA0247C2DA800709A77 /* Routes.swift in Sources */,
				8435BDAC24791C080038BFC8 /* URLRequest.swift in Sources */,
				84FD82A2248406F400D8C440 /* CoasterDetailStat.swift in Sources */,
				84812A3024801B8A00B46001 /* ParkServices.swift in Sources */,
			);
			runOnlyForDeploymentPostprocessing = 0;
		};
		84C8247D247052DF000D620C /* Sources */ = {
			isa = PBXSourcesBuildPhase;
			buildActionMask = 2147483647;
			files = (
				84C82486247052DF000D620C /* Coaster_TripsTests.swift in Sources */,
			);
			runOnlyForDeploymentPostprocessing = 0;
		};
/* End PBXSourcesBuildPhase section */

/* Begin PBXTargetDependency section */
		84C82483247052DF000D620C /* PBXTargetDependency */ = {
			isa = PBXTargetDependency;
			target = 84C8246A247052DE000D620C /* Coaster Trips */;
			targetProxy = 84C82482247052DF000D620C /* PBXContainerItemProxy */;
		};
/* End PBXTargetDependency section */

/* Begin PBXVariantGroup section */
		84C82479247052DF000D620C /* LaunchScreen.storyboard */ = {
			isa = PBXVariantGroup;
			children = (
				84C8247A247052DF000D620C /* Base */,
			);
			name = LaunchScreen.storyboard;
			sourceTree = "<group>";
		};
/* End PBXVariantGroup section */

/* Begin XCBuildConfiguration section */
		84C824AF247052E0000D620C /* Debug */ = {
			isa = XCBuildConfiguration;
			buildSettings = {
				ALWAYS_SEARCH_USER_PATHS = NO;
				CLANG_ANALYZER_NONNULL = YES;
				CLANG_ANALYZER_NUMBER_OBJECT_CONVERSION = YES_AGGRESSIVE;
				CLANG_CXX_LANGUAGE_STANDARD = "gnu++14";
				CLANG_CXX_LIBRARY = "libc++";
				CLANG_ENABLE_MODULES = YES;
				CLANG_ENABLE_OBJC_ARC = YES;
				CLANG_ENABLE_OBJC_WEAK = YES;
				CLANG_WARN_BLOCK_CAPTURE_AUTORELEASING = YES;
				CLANG_WARN_BOOL_CONVERSION = YES;
				CLANG_WARN_COMMA = YES;
				CLANG_WARN_CONSTANT_CONVERSION = YES;
				CLANG_WARN_DEPRECATED_OBJC_IMPLEMENTATIONS = YES;
				CLANG_WARN_DIRECT_OBJC_ISA_USAGE = YES_ERROR;
				CLANG_WARN_DOCUMENTATION_COMMENTS = YES;
				CLANG_WARN_EMPTY_BODY = YES;
				CLANG_WARN_ENUM_CONVERSION = YES;
				CLANG_WARN_INFINITE_RECURSION = YES;
				CLANG_WARN_INT_CONVERSION = YES;
				CLANG_WARN_NON_LITERAL_NULL_CONVERSION = YES;
				CLANG_WARN_OBJC_IMPLICIT_RETAIN_SELF = YES;
				CLANG_WARN_OBJC_LITERAL_CONVERSION = YES;
				CLANG_WARN_OBJC_ROOT_CLASS = YES_ERROR;
				CLANG_WARN_RANGE_LOOP_ANALYSIS = YES;
				CLANG_WARN_STRICT_PROTOTYPES = YES;
				CLANG_WARN_SUSPICIOUS_MOVE = YES;
				CLANG_WARN_UNGUARDED_AVAILABILITY = YES_AGGRESSIVE;
				CLANG_WARN_UNREACHABLE_CODE = YES;
				CLANG_WARN__DUPLICATE_METHOD_MATCH = YES;
				COPY_PHASE_STRIP = NO;
				DEBUG_INFORMATION_FORMAT = dwarf;
				ENABLE_STRICT_OBJC_MSGSEND = YES;
				ENABLE_TESTABILITY = YES;
				GCC_C_LANGUAGE_STANDARD = gnu11;
				GCC_DYNAMIC_NO_PIC = NO;
				GCC_NO_COMMON_BLOCKS = YES;
				GCC_OPTIMIZATION_LEVEL = 0;
				GCC_PREPROCESSOR_DEFINITIONS = (
					"DEBUG=1",
					"$(inherited)",
				);
				GCC_WARN_64_TO_32_BIT_CONVERSION = YES;
				GCC_WARN_ABOUT_RETURN_TYPE = YES_ERROR;
				GCC_WARN_UNDECLARED_SELECTOR = YES;
				GCC_WARN_UNINITIALIZED_AUTOS = YES_AGGRESSIVE;
				GCC_WARN_UNUSED_FUNCTION = YES;
				GCC_WARN_UNUSED_VARIABLE = YES;
				IPHONEOS_DEPLOYMENT_TARGET = 13.2;
				MTL_ENABLE_DEBUG_INFO = INCLUDE_SOURCE;
				MTL_FAST_MATH = YES;
				ONLY_ACTIVE_ARCH = YES;
				SDKROOT = iphoneos;
				SWIFT_ACTIVE_COMPILATION_CONDITIONS = DEBUG;
				SWIFT_OPTIMIZATION_LEVEL = "-Onone";
			};
			name = Debug;
		};
		84C824B0247052E0000D620C /* Release */ = {
			isa = XCBuildConfiguration;
			buildSettings = {
				ALWAYS_SEARCH_USER_PATHS = NO;
				CLANG_ANALYZER_NONNULL = YES;
				CLANG_ANALYZER_NUMBER_OBJECT_CONVERSION = YES_AGGRESSIVE;
				CLANG_CXX_LANGUAGE_STANDARD = "gnu++14";
				CLANG_CXX_LIBRARY = "libc++";
				CLANG_ENABLE_MODULES = YES;
				CLANG_ENABLE_OBJC_ARC = YES;
				CLANG_ENABLE_OBJC_WEAK = YES;
				CLANG_WARN_BLOCK_CAPTURE_AUTORELEASING = YES;
				CLANG_WARN_BOOL_CONVERSION = YES;
				CLANG_WARN_COMMA = YES;
				CLANG_WARN_CONSTANT_CONVERSION = YES;
				CLANG_WARN_DEPRECATED_OBJC_IMPLEMENTATIONS = YES;
				CLANG_WARN_DIRECT_OBJC_ISA_USAGE = YES_ERROR;
				CLANG_WARN_DOCUMENTATION_COMMENTS = YES;
				CLANG_WARN_EMPTY_BODY = YES;
				CLANG_WARN_ENUM_CONVERSION = YES;
				CLANG_WARN_INFINITE_RECURSION = YES;
				CLANG_WARN_INT_CONVERSION = YES;
				CLANG_WARN_NON_LITERAL_NULL_CONVERSION = YES;
				CLANG_WARN_OBJC_IMPLICIT_RETAIN_SELF = YES;
				CLANG_WARN_OBJC_LITERAL_CONVERSION = YES;
				CLANG_WARN_OBJC_ROOT_CLASS = YES_ERROR;
				CLANG_WARN_RANGE_LOOP_ANALYSIS = YES;
				CLANG_WARN_STRICT_PROTOTYPES = YES;
				CLANG_WARN_SUSPICIOUS_MOVE = YES;
				CLANG_WARN_UNGUARDED_AVAILABILITY = YES_AGGRESSIVE;
				CLANG_WARN_UNREACHABLE_CODE = YES;
				CLANG_WARN__DUPLICATE_METHOD_MATCH = YES;
				COPY_PHASE_STRIP = NO;
				DEBUG_INFORMATION_FORMAT = "dwarf-with-dsym";
				ENABLE_NS_ASSERTIONS = NO;
				ENABLE_STRICT_OBJC_MSGSEND = YES;
				GCC_C_LANGUAGE_STANDARD = gnu11;
				GCC_NO_COMMON_BLOCKS = YES;
				GCC_WARN_64_TO_32_BIT_CONVERSION = YES;
				GCC_WARN_ABOUT_RETURN_TYPE = YES_ERROR;
				GCC_WARN_UNDECLARED_SELECTOR = YES;
				GCC_WARN_UNINITIALIZED_AUTOS = YES_AGGRESSIVE;
				GCC_WARN_UNUSED_FUNCTION = YES;
				GCC_WARN_UNUSED_VARIABLE = YES;
				IPHONEOS_DEPLOYMENT_TARGET = 13.2;
				MTL_ENABLE_DEBUG_INFO = NO;
				MTL_FAST_MATH = YES;
				SDKROOT = iphoneos;
				SWIFT_COMPILATION_MODE = wholemodule;
				SWIFT_OPTIMIZATION_LEVEL = "-O";
				VALIDATE_PRODUCT = YES;
			};
			name = Release;
		};
		84C824BA247052E0000D620C /* Debug */ = {
			isa = XCBuildConfiguration;
			buildSettings = {
				ASSETCATALOG_COMPILER_APPICON_NAME = AppIcon;
				CODE_SIGN_STYLE = Automatic;
				DEVELOPMENT_ASSET_PATHS = "\"Coaster Trips/Preview Content\"";
				DEVELOPMENT_TEAM = 6QUH7V985N;
				ENABLE_PREVIEWS = YES;
				INFOPLIST_FILE = "Coaster Trips/Info.plist";
				LD_RUNPATH_SEARCH_PATHS = (
					"$(inherited)",
					"@executable_path/Frameworks",
				);
				PRODUCT_BUNDLE_IDENTIFIER = "com.brentlecomte.Coaster-Trips";
				PRODUCT_NAME = "$(TARGET_NAME)";
				SWIFT_VERSION = 5.0;
				TARGETED_DEVICE_FAMILY = "1,2";
			};
			name = Debug;
		};
		84C824BB247052E0000D620C /* Release */ = {
			isa = XCBuildConfiguration;
			buildSettings = {
				ASSETCATALOG_COMPILER_APPICON_NAME = AppIcon;
				CODE_SIGN_STYLE = Automatic;
				DEVELOPMENT_ASSET_PATHS = "\"Coaster Trips/Preview Content\"";
				DEVELOPMENT_TEAM = 6QUH7V985N;
				ENABLE_PREVIEWS = YES;
				INFOPLIST_FILE = "Coaster Trips/Info.plist";
				LD_RUNPATH_SEARCH_PATHS = (
					"$(inherited)",
					"@executable_path/Frameworks",
				);
				PRODUCT_BUNDLE_IDENTIFIER = "com.brentlecomte.Coaster-Trips";
				PRODUCT_NAME = "$(TARGET_NAME)";
				SWIFT_VERSION = 5.0;
				TARGETED_DEVICE_FAMILY = "1,2";
			};
			name = Release;
		};
		84C824BD247052E0000D620C /* Debug */ = {
			isa = XCBuildConfiguration;
			buildSettings = {
				ALWAYS_EMBED_SWIFT_STANDARD_LIBRARIES = YES;
				BUNDLE_LOADER = "$(TEST_HOST)";
				CODE_SIGN_STYLE = Automatic;
				DEVELOPMENT_TEAM = 6QUH7V985N;
				INFOPLIST_FILE = "Coaster TripsTests/Info.plist";
				IPHONEOS_DEPLOYMENT_TARGET = 13.2;
				LD_RUNPATH_SEARCH_PATHS = (
					"$(inherited)",
					"@executable_path/Frameworks",
					"@loader_path/Frameworks",
				);
				PRODUCT_BUNDLE_IDENTIFIER = "com.brentlecomte.Coaster-TripsTests";
				PRODUCT_NAME = "$(TARGET_NAME)";
				SWIFT_VERSION = 5.0;
				TARGETED_DEVICE_FAMILY = "1,2";
				TEST_HOST = "$(BUILT_PRODUCTS_DIR)/Coaster Trips.app/Coaster Trips";
			};
			name = Debug;
		};
		84C824BE247052E0000D620C /* Release */ = {
			isa = XCBuildConfiguration;
			buildSettings = {
				ALWAYS_EMBED_SWIFT_STANDARD_LIBRARIES = YES;
				BUNDLE_LOADER = "$(TEST_HOST)";
				CODE_SIGN_STYLE = Automatic;
				DEVELOPMENT_TEAM = 6QUH7V985N;
				INFOPLIST_FILE = "Coaster TripsTests/Info.plist";
				IPHONEOS_DEPLOYMENT_TARGET = 13.2;
				LD_RUNPATH_SEARCH_PATHS = (
					"$(inherited)",
					"@executable_path/Frameworks",
					"@loader_path/Frameworks",
				);
				PRODUCT_BUNDLE_IDENTIFIER = "com.brentlecomte.Coaster-TripsTests";
				PRODUCT_NAME = "$(TARGET_NAME)";
				SWIFT_VERSION = 5.0;
				TARGETED_DEVICE_FAMILY = "1,2";
				TEST_HOST = "$(BUILT_PRODUCTS_DIR)/Coaster Trips.app/Coaster Trips";
			};
			name = Release;
		};
/* End XCBuildConfiguration section */

/* Begin XCConfigurationList section */
		84C82466247052DE000D620C /* Build configuration list for PBXProject "Coaster Trips" */ = {
			isa = XCConfigurationList;
			buildConfigurations = (
				84C824AF247052E0000D620C /* Debug */,
				84C824B0247052E0000D620C /* Release */,
			);
			defaultConfigurationIsVisible = 0;
			defaultConfigurationName = Release;
		};
		84C824B9247052E0000D620C /* Build configuration list for PBXNativeTarget "Coaster Trips" */ = {
			isa = XCConfigurationList;
			buildConfigurations = (
				84C824BA247052E0000D620C /* Debug */,
				84C824BB247052E0000D620C /* Release */,
			);
			defaultConfigurationIsVisible = 0;
			defaultConfigurationName = Release;
		};
		84C824BC247052E0000D620C /* Build configuration list for PBXNativeTarget "Coaster TripsTests" */ = {
			isa = XCConfigurationList;
			buildConfigurations = (
				84C824BD247052E0000D620C /* Debug */,
				84C824BE247052E0000D620C /* Release */,
			);
			defaultConfigurationIsVisible = 0;
			defaultConfigurationName = Release;
		};
/* End XCConfigurationList section */
	};
	rootObject = 84C82463247052DE000D620C /* Project object */;
}
